Microsoft Visual Studio Solution File, Format Version 12.00
# Visual Studio 15
VisualStudioVersion = 15.0.26124.0
MinimumVisualStudioVersion = 15.0.26124.0
Project("{9A19103F-16F7-4668-BE54-9A1E7A4F7556}") = "AspNetCoreTodo", "AspNetCoreTodo\AspNetCoreTodo.csproj", "{335B27CC-3849-4939-BDED-1380A7910955}"
EndProject
Project("{9A19103F-16F7-4668-BE54-9A1E7A4F7556}") = "AspNetCoreTodo.UnitTests", "AspNetCoreTodo.UnitTests\AspNetCoreTodo.UnitTests.csproj", "{8AF48C29-EDED-481C-940F-39BF42C1E988}"
EndProject
Project("{9A19103F-16F7-4668-BE54-9A1E7A4F7556}") = "AspNetCoreTodo.IntegrationTests", "AspNetCoreTodo.IntegrationTests\AspNetCoreTodo.IntegrationTests.csproj", "{AEEDF1A9-E75B-4FBF-8FCB-62DC70FAE450}"
EndProject
Global
	GlobalSection(SolutionConfigurationPlatforms) = preSolution
		Debug|Any CPU = Debug|Any CPU
		Debug|x64 = Debug|x64
		Debug|x86 = Debug|x86
		Release|Any CPU = Release|Any CPU
		Release|x64 = Release|x64
		Release|x86 = Release|x86
	EndGlobalSection
	GlobalSection(ProjectConfigurationPlatforms) = postSolution
		{335B27CC-3849-4939-BDED-1380A7910955}.Debug|Any CPU.ActiveCfg = Debug|Any CPU
		{335B27CC-3849-4939-BDED-1380A7910955}.Debug|Any CPU.Build.0 = Debug|Any CPU
		{335B27CC-3849-4939-BDED-1380A7910955}.Debug|x64.ActiveCfg = Debug|Any CPU
		{335B27CC-3849-4939-BDED-1380A7910955}.Debug|x64.Build.0 = Debug|Any CPU
		{335B27CC-3849-4939-BDED-1380A7910955}.Debug|x86.ActiveCfg = Debug|Any CPU
		{335B27CC-3849-4939-BDED-1380A7910955}.Debug|x86.Build.0 = Debug|Any CPU
		{335B27CC-3849-4939-BDED-1380A7910955}.Release|Any CPU.ActiveCfg = Release|Any CPU
		{335B27CC-3849-4939-BDED-1380A7910955}.Release|Any CPU.Build.0 = Release|Any CPU
		{335B27CC-3849-4939-BDED-1380A7910955}.Release|x64.ActiveCfg = Release|Any CPU
		{335B27CC-3849-4939-BDED-1380A7910955}.Release|x64.Build.0 = Release|Any CPU
		{335B27CC-3849-4939-BDED-1380A7910955}.Release|x86.ActiveCfg = Release|Any CPU
		{335B27CC-3849-4939-BDED-1380A7910955}.Release|x86.Build.0 = Release|Any CPU
		{8AF48C29-EDED-481C-940F-39BF42C1E988}.Debug|Any CPU.ActiveCfg = Debug|Any CPU
		{8AF48C29-EDED-481C-940F-39BF42C1E988}.Debug|Any CPU.Build.0 = Debug|Any CPU
		{8AF48C29-EDED-481C-940F-39BF42C1E988}.Debug|x64.ActiveCfg = Debug|Any CPU
		{8AF48C29-EDED-481C-940F-39BF42C1E988}.Debug|x64.Build.0 = Debug|Any CPU
		{8AF48C29-EDED-481C-940F-39BF42C1E988}.Debug|x86.ActiveCfg = Debug|Any CPU
		{8AF48C29-EDED-481C-940F-39BF42C1E988}.Debug|x86.Build.0 = Debug|Any CPU
		{8AF48C29-EDED-481C-940F-39BF42C1E988}.Release|Any CPU.ActiveCfg = Release|Any CPU
		{8AF48C29-EDED-481C-940F-39BF42C1E988}.Release|Any CPU.Build.0 = Release|Any CPU
		{8AF48C29-EDED-481C-940F-39BF42C1E988}.Release|x64.ActiveCfg = Release|Any CPU
		{8AF48C29-EDED-481C-940F-39BF42C1E988}.Release|x64.Build.0 = Release|Any CPU
		{8AF48C29-EDED-481C-940F-39BF42C1E988}.Release|x86.ActiveCfg = Release|Any CPU
		{8AF48C29-EDED-481C-940F-39BF42C1E988}.Release|x86.Build.0 = Release|Any CPU
		{AEEDF1A9-E75B-4FBF-8FCB-62DC70FAE450}.Debug|Any CPU.ActiveCfg = Debug|Any CPU
		{AEEDF1A9-E75B-4FBF-8FCB-62DC70FAE450}.Debug|Any CPU.Build.0 = Debug|Any CPU
		{AEEDF1A9-E75B-4FBF-8FCB-62DC70FAE450}.Debug|x64.ActiveCfg = Debug|Any CPU
		{AEEDF1A9-E75B-4FBF-8FCB-62DC70FAE450}.Debug|x64.Build.0 = Debug|Any CPU
		{AEEDF1A9-E75B-4FBF-8FCB-62DC70FAE450}.Debug|x86.ActiveCfg = Debug|Any CPU
		{AEEDF1A9-E75B-4FBF-8FCB-62DC70FAE450}.Debug|x86.Build.0 = Debug|Any CPU
		{AEEDF1A9-E75B-4FBF-8FCB-62DC70FAE450}.Release|Any CPU.ActiveCfg = Release|Any CPU
		{AEEDF1A9-E75B-4FBF-8FCB-62DC70FAE450}.Release|Any CPU.Build.0 = Release|Any CPU
		{AEEDF1A9-E75B-4FBF-8FCB-62DC70FAE450}.Release|x64.ActiveCfg = Release|Any CPU
		{AEEDF1A9-E75B-4FBF-8FCB-62DC70FAE450}.Release|x64.Build.0 = Release|Any CPU
		{AEEDF1A9-E75B-4FBF-8FCB-62DC70FAE450}.Release|x86.ActiveCfg = Release|Any CPU
		{AEEDF1A9-E75B-4FBF-8FCB-62DC70FAE450}.Release|x86.Build.0 = Release|Any CPU
	EndGlobalSection
	GlobalSection(SolutionProperties) = preSolution
		HideSolutionNode = FALSE
	EndGlobalSection
	GlobalSection(ExtensibilityGlobals) = postSolution
		SolutionGuid = {B029BE78-E693-4080-8656-9BFEEAEF5C00}
	EndGlobalSection
EndGlobal
